
Microsoft Visual Studio Solution File, Format Version 12.00
# Visual Studio Version 17
VisualStudioVersion = 17.5.002.0
MinimumVisualStudioVersion = 10.0.40219.1
Project("{9A19103F-16F7-4668-BE54-9A1E7A4F7556}") = "Hospital_Management_System", "Hospital_Management_System.csproj", "{8AD06870-E08C-4765-A2DE-145D615F2007}"
EndProject
Global
	GlobalSection(SolutionConfigurationPlatforms) = preSolution
		Debug|Any CPU = Debug|Any CPU
		Release|Any CPU = Release|Any CPU
	EndGlobalSection
	GlobalSection(ProjectConfigurationPlatforms) = postSolution
		{8AD06870-E08C-4765-A2DE-145D615F2007}.Debug|Any CPU.ActiveCfg = Debug|Any CPU
		{8AD06870-E08C-4765-A2DE-145D615F2007}.Debug|Any CPU.Build.0 = Debug|Any CPU
		{8AD06870-E08C-4765-A2DE-145D615F2007}.Release|Any CPU.ActiveCfg = Release|Any CPU
		{8AD06870-E08C-4765-A2DE-145D615F2007}.Release|Any CPU.Build.0 = Release|Any CPU
	EndGlobalSection
	GlobalSection(SolutionProperties) = preSolution
		HideSolutionNode = FALSE
	EndGlobalSection
	GlobalSection(ExtensibilityGlobals) = postSolution
		SolutionGuid = {4890A013-71AE-4D8A-8102-0B9DC30ADDBF}
	EndGlobalSection
EndGlobal
